
Microsoft Visual Studio Solution File, Format Version 12.00
# Visual Studio Version 17
VisualStudioVersion = 17.12.35514.174
MinimumVisualStudioVersion = 10.0.40219.1
Project("{FAE04EC0-301F-11D3-BF4B-00C04F79EFBD}") = "ComplicatedElements", "ComplicatedElements.csproj", "{1C0EC571-186E-44D7-A6C4-7010EB0A912D}"
EndProject
Global
	GlobalSection(SolutionConfigurationPlatforms) = preSolution
		Debug|Any CPU = Debug|Any CPU
		Release|Any CPU = Release|Any CPU
	EndGlobalSection
	GlobalSection(ProjectConfigurationPlatforms) = postSolution
		{1C0EC571-186E-44D7-A6C4-7010EB0A912D}.Debug|Any CPU.ActiveCfg = Debug|Any CPU
		{1C0EC571-186E-44D7-A6C4-7010EB0A912D}.Debug|Any CPU.Build.0 = Debug|Any CPU
		{1C0EC571-186E-44D7-A6C4-7010EB0A912D}.Release|Any CPU.ActiveCfg = Release|Any CPU
		{1C0EC571-186E-44D7-A6C4-7010EB0A912D}.Release|Any CPU.Build.0 = Release|Any CPU
	EndGlobalSection
	GlobalSection(SolutionProperties) = preSolution
		HideSolutionNode = FALSE
	EndGlobalSection
	GlobalSection(ExtensibilityGlobals) = postSolution
		SolutionGuid = {C38FEC36-FF3A-478A-8AF7-B5F194F23251}
	EndGlobalSection
EndGlobal
